// !$*UTF8*$!
{
	archiveVersion = 1;
	classes = {
	};
	objectVersion = 56;
	objects = {

/* Begin PBXBuildFile section */
		883D358E28E3D294006E1F12 /* MoonshotApp.swift in Sources */ = {isa = PBXBuildFile; fileRef = 883D358D28E3D294006E1F12 /* MoonshotApp.swift */; };
		883D359028E3D294006E1F12 /* ContentView.swift in Sources */ = {isa = PBXBuildFile; fileRef = 883D358F28E3D294006E1F12 /* ContentView.swift */; };
		883D359228E3D295006E1F12 /* Assets.xcassets in Resources */ = {isa = PBXBuildFile; fileRef = 883D359128E3D295006E1F12 /* Assets.xcassets */; };
		883D359528E3D295006E1F12 /* Preview Assets.xcassets in Resources */ = {isa = PBXBuildFile; fileRef = 883D359428E3D295006E1F12 /* Preview Assets.xcassets */; };
		8844225A28E8704D0033B4CA /* astronauts.json in Resources */ = {isa = PBXBuildFile; fileRef = 8844225928E8704D0033B4CA /* astronauts.json */; };
		8844225C28E870520033B4CA /* missions.json in Resources */ = {isa = PBXBuildFile; fileRef = 8844225B28E870520033B4CA /* missions.json */; };
		8844225E28E8707D0033B4CA /* Astronaut.swift in Sources */ = {isa = PBXBuildFile; fileRef = 8844225D28E8707D0033B4CA /* Astronaut.swift */; };
		8844226028E870B90033B4CA /* Bundle-Decodable.swift in Sources */ = {isa = PBXBuildFile; fileRef = 8844225F28E870B90033B4CA /* Bundle-Decodable.swift */; };
		8844226228E872130033B4CA /* Mission.swift in Sources */ = {isa = PBXBuildFile; fileRef = 8844226128E872130033B4CA /* Mission.swift */; };
		8844226428E872D40033B4CA /* Lessons.swift in Sources */ = {isa = PBXBuildFile; fileRef = 8844226328E872D40033B4CA /* Lessons.swift */; };
		8844226628E8B10E0033B4CA /* Color-Theme.swift in Sources */ = {isa = PBXBuildFile; fileRef = 8844226528E8B10E0033B4CA /* Color-Theme.swift */; };
		8844226828E8C34B0033B4CA /* MissionView.swift in Sources */ = {isa = PBXBuildFile; fileRef = 8844226728E8C34B0033B4CA /* MissionView.swift */; };
		8844226A28E8D41D0033B4CA /* AstronautView.swift in Sources */ = {isa = PBXBuildFile; fileRef = 8844226928E8D41D0033B4CA /* AstronautView.swift */; };
		884C1C4728EB96F500832287 /* ScrollCrewComponent.swift in Sources */ = {isa = PBXBuildFile; fileRef = 884C1C4628EB96F500832287 /* ScrollCrewComponent.swift */; };
		884C1C4928EB975500832287 /* Crew.swift in Sources */ = {isa = PBXBuildFile; fileRef = 884C1C4828EB975500832287 /* Crew.swift */; };
		88ED03A028F0657E00274077 /* .gitignore in Resources */ = {isa = PBXBuildFile; fileRef = 88ED039F28F0657E00274077 /* .gitignore */; };
/* End PBXBuildFile section */

/* Begin PBXFileReference section */
		883D358A28E3D294006E1F12 /* Moonshot.app */ = {isa = PBXFileReference; explicitFileType = wrapper.application; includeInIndex = 0; path = Moonshot.app; sourceTree = BUILT_PRODUCTS_DIR; };
		883D358D28E3D294006E1F12 /* MoonshotApp.swift */ = {isa = PBXFileReference; lastKnownFileType = sourcecode.swift; path = MoonshotApp.swift; sourceTree = "<group>"; };
		883D358F28E3D294006E1F12 /* ContentView.swift */ = {isa = PBXFileReference; lastKnownFileType = sourcecode.swift; path = ContentView.swift; sourceTree = "<group>"; };
		883D359128E3D295006E1F12 /* Assets.xcassets */ = {isa = PBXFileReference; lastKnownFileType = folder.assetcatalog; path = Assets.xcassets; sourceTree = "<group>"; };
		883D359428E3D295006E1F12 /* Preview Assets.xcassets */ = {isa = PBXFileReference; lastKnownFileType = folder.assetcatalog; path = "Preview Assets.xcassets"; sourceTree = "<group>"; };
		8844225928E8704D0033B4CA /* astronauts.json */ = {isa = PBXFileReference; fileEncoding = 4; lastKnownFileType = text.json; path = astronauts.json; sourceTree = "<group>"; };
		8844225B28E870520033B4CA /* missions.json */ = {isa = PBXFileReference; fileEncoding = 4; lastKnownFileType = text.json; path = missions.json; sourceTree = "<group>"; };
		8844225D28E8707D0033B4CA /* Astronaut.swift */ = {isa = PBXFileReference; lastKnownFileType = sourcecode.swift; path = Astronaut.swift; sourceTree = "<group>"; };
		8844225F28E870B90033B4CA /* Bundle-Decodable.swift */ = {isa = PBXFileReference; lastKnownFileType = sourcecode.swift; path = "Bundle-Decodable.swift"; sourceTree = "<group>"; };
		8844226128E872130033B4CA /* Mission.swift */ = {isa = PBXFileReference; lastKnownFileType = sourcecode.swift; path = Mission.swift; sourceTree = "<group>"; };
		8844226328E872D40033B4CA /* Lessons.swift */ = {isa = PBXFileReference; lastKnownFileType = sourcecode.swift; path = Lessons.swift; sourceTree = "<group>"; };
		8844226528E8B10E0033B4CA /* Color-Theme.swift */ = {isa = PBXFileReference; lastKnownFileType = sourcecode.swift; path = "Color-Theme.swift"; sourceTree = "<group>"; };
		8844226728E8C34B0033B4CA /* MissionView.swift */ = {isa = PBXFileReference; lastKnownFileType = sourcecode.swift; path = MissionView.swift; sourceTree = "<group>"; };
		8844226928E8D41D0033B4CA /* AstronautView.swift */ = {isa = PBXFileReference; lastKnownFileType = sourcecode.swift; path = AstronautView.swift; sourceTree = "<group>"; };
		884C1C4628EB96F500832287 /* ScrollCrewComponent.swift */ = {isa = PBXFileReference; lastKnownFileType = sourcecode.swift; path = ScrollCrewComponent.swift; sourceTree = "<group>"; };
		884C1C4828EB975500832287 /* Crew.swift */ = {isa = PBXFileReference; lastKnownFileType = sourcecode.swift; path = Crew.swift; sourceTree = "<group>"; };
		88ED039F28F0657E00274077 /* .gitignore */ = {isa = PBXFileReference; lastKnownFileType = text; path = .gitignore; sourceTree = "<group>"; };
/* End PBXFileReference section */

/* Begin PBXFrameworksBuildPhase section */
		883D358728E3D294006E1F12 /* Frameworks */ = {
			isa = PBXFrameworksBuildPhase;
			buildActionMask = 2147483647;
			files = (
			);
			runOnlyForDeploymentPostprocessing = 0;
		};
/* End PBXFrameworksBuildPhase section */

/* Begin PBXGroup section */
		883D358128E3D294006E1F12 = {
			isa = PBXGroup;
			children = (
				88ED039F28F0657E00274077 /* .gitignore */,
				883D358C28E3D294006E1F12 /* Moonshot */,
				883D358B28E3D294006E1F12 /* Products */,
			);
			sourceTree = "<group>";
		};
		883D358B28E3D294006E1F12 /* Products */ = {
			isa = PBXGroup;
			children = (
				883D358A28E3D294006E1F12 /* Moonshot.app */,
			);
			name = Products;
			sourceTree = "<group>";
		};
		883D358C28E3D294006E1F12 /* Moonshot */ = {
			isa = PBXGroup;
			children = (
				884C1C4A28EB9A1000832287 /* Components */,
				884C1C4528EB943D00832287 /* Others */,
				8844227028E8D8040033B4CA /* Models */,
				8844226D28E8D7090033B4CA /* Views */,
				883D358D28E3D294006E1F12 /* MoonshotApp.swift */,
				883D358F28E3D294006E1F12 /* ContentView.swift */,
				8844225F28E870B90033B4CA /* Bundle-Decodable.swift */,
				8844226528E8B10E0033B4CA /* Color-Theme.swift */,
				8844225928E8704D0033B4CA /* astronauts.json */,
				8844225B28E870520033B4CA /* missions.json */,
				883D359128E3D295006E1F12 /* Assets.xcassets */,
				883D359328E3D295006E1F12 /* Preview Content */,
			);
			path = Moonshot;
			sourceTree = "<group>";
		};
		883D359328E3D295006E1F12 /* Preview Content */ = {
			isa = PBXGroup;
			children = (
				883D359428E3D295006E1F12 /* Preview Assets.xcassets */,
			);
			path = "Preview Content";
			sourceTree = "<group>";
		};
		8844226D28E8D7090033B4CA /* Views */ = {
			isa = PBXGroup;
			children = (
				8844226728E8C34B0033B4CA /* MissionView.swift */,
				8844226928E8D41D0033B4CA /* AstronautView.swift */,
			);
			path = Views;
			sourceTree = "<group>";
		};
		8844227028E8D8040033B4CA /* Models */ = {
			isa = PBXGroup;
			children = (
				8844226128E872130033B4CA /* Mission.swift */,
				8844225D28E8707D0033B4CA /* Astronaut.swift */,
				884C1C4828EB975500832287 /* Crew.swift */,
			);
			path = Models;
			sourceTree = "<group>";
		};
		884C1C4528EB943D00832287 /* Others */ = {
			isa = PBXGroup;
			children = (
				8844226328E872D40033B4CA /* Lessons.swift */,
			);
			path = Others;
			sourceTree = "<group>";
		};
		884C1C4A28EB9A1000832287 /* Components */ = {
			isa = PBXGroup;
			children = (
				884C1C4628EB96F500832287 /* ScrollCrewComponent.swift */,
			);
			path = Components;
			sourceTree = "<group>";
		};
/* End PBXGroup section */

/* Begin PBXNativeTarget section */
		883D358928E3D294006E1F12 /* Moonshot */ = {
			isa = PBXNativeTarget;
			buildConfigurationList = 883D359828E3D295006E1F12 /* Build configuration list for PBXNativeTarget "Moonshot" */;
			buildPhases = (
				883D358628E3D294006E1F12 /* Sources */,
				883D358728E3D294006E1F12 /* Frameworks */,
				883D358828E3D294006E1F12 /* Resources */,
			);
			buildRules = (
			);
			dependencies = (
			);
			name = Moonshot;
			productName = Moonshot;
			productReference = 883D358A28E3D294006E1F12 /* Moonshot.app */;
			productType = "com.apple.product-type.application";
		};
/* End PBXNativeTarget section */

/* Begin PBXProject section */
		883D358228E3D294006E1F12 /* Project object */ = {
			isa = PBXProject;
			attributes = {
				BuildIndependentTargetsInParallel = 1;
				LastSwiftUpdateCheck = 1400;
				LastUpgradeCheck = 1400;
				TargetAttributes = {
					883D358928E3D294006E1F12 = {
						CreatedOnToolsVersion = 14.0.1;
					};
				};
			};
			buildConfigurationList = 883D358528E3D294006E1F12 /* Build configuration list for PBXProject "Moonshot" */;
			compatibilityVersion = "Xcode 14.0";
			developmentRegion = en;
			hasScannedForEncodings = 0;
			knownRegions = (
				en,
				Base,
			);
			mainGroup = 883D358128E3D294006E1F12;
			productRefGroup = 883D358B28E3D294006E1F12 /* Products */;
			projectDirPath = "";
			projectRoot = "";
			targets = (
				883D358928E3D294006E1F12 /* Moonshot */,
			);
		};
/* End PBXProject section */

/* Begin PBXResourcesBuildPhase section */
		883D358828E3D294006E1F12 /* Resources */ = {
			isa = PBXResourcesBuildPhase;
			buildActionMask = 2147483647;
			files = (
				88ED03A028F0657E00274077 /* .gitignore in Resources */,
				8844225A28E8704D0033B4CA /* astronauts.json in Resources */,
				883D359528E3D295006E1F12 /* Preview Assets.xcassets in Resources */,
				8844225C28E870520033B4CA /* missions.json in Resources */,
				883D359228E3D295006E1F12 /* Assets.xcassets in Resources */,
			);
			runOnlyForDeploymentPostprocessing = 0;
		};
/* End PBXResourcesBuildPhase section */

/* Begin PBXSourcesBuildPhase section */
		883D358628E3D294006E1F12 /* Sources */ = {
			isa = PBXSourcesBuildPhase;
			buildActionMask = 2147483647;
			files = (
				8844225E28E8707D0033B4CA /* Astronaut.swift in Sources */,
				8844226A28E8D41D0033B4CA /* AstronautView.swift in Sources */,
				884C1C4728EB96F500832287 /* ScrollCrewComponent.swift in Sources */,
				8844226828E8C34B0033B4CA /* MissionView.swift in Sources */,
				883D359028E3D294006E1F12 /* ContentView.swift in Sources */,
				8844226628E8B10E0033B4CA /* Color-Theme.swift in Sources */,
				883D358E28E3D294006E1F12 /* MoonshotApp.swift in Sources */,
				8844226428E872D40033B4CA /* Lessons.swift in Sources */,
				8844226228E872130033B4CA /* Mission.swift in Sources */,
				8844226028E870B90033B4CA /* Bundle-Decodable.swift in Sources */,
				884C1C4928EB975500832287 /* Crew.swift in Sources */,
			);
			runOnlyForDeploymentPostprocessing = 0;
		};
/* End PBXSourcesBuildPhase section */

/* Begin XCBuildConfiguration section */
		883D359628E3D295006E1F12 /* Debug */ = {
			isa = XCBuildConfiguration;
			buildSettings = {
				ALWAYS_SEARCH_USER_PATHS = NO;
				CLANG_ANALYZER_NONNULL = YES;
				CLANG_ANALYZER_NUMBER_OBJECT_CONVERSION = YES_AGGRESSIVE;
				CLANG_CXX_LANGUAGE_STANDARD = "gnu++20";
				CLANG_ENABLE_MODULES = YES;
				CLANG_ENABLE_OBJC_ARC = YES;
				CLANG_ENABLE_OBJC_WEAK = YES;
				CLANG_WARN_BLOCK_CAPTURE_AUTORELEASING = YES;
				CLANG_WARN_BOOL_CONVERSION = YES;
				CLANG_WARN_COMMA = YES;
				CLANG_WARN_CONSTANT_CONVERSION = YES;
				CLANG_WARN_DEPRECATED_OBJC_IMPLEMENTATIONS = YES;
				CLANG_WARN_DIRECT_OBJC_ISA_USAGE = YES_ERROR;
				CLANG_WARN_DOCUMENTATION_COMMENTS = YES;
				CLANG_WARN_EMPTY_BODY = YES;
				CLANG_WARN_ENUM_CONVERSION = YES;
				CLANG_WARN_INFINITE_RECURSION = YES;
				CLANG_WARN_INT_CONVERSION = YES;
				CLANG_WARN_NON_LITERAL_NULL_CONVERSION = YES;
				CLANG_WARN_OBJC_IMPLICIT_RETAIN_SELF = YES;
				CLANG_WARN_OBJC_LITERAL_CONVERSION = YES;
				CLANG_WARN_OBJC_ROOT_CLASS = YES_ERROR;
				CLANG_WARN_QUOTED_INCLUDE_IN_FRAMEWORK_HEADER = YES;
				CLANG_WARN_RANGE_LOOP_ANALYSIS = YES;
				CLANG_WARN_STRICT_PROTOTYPES = YES;
				CLANG_WARN_SUSPICIOUS_MOVE = YES;
				CLANG_WARN_UNGUARDED_AVAILABILITY = YES_AGGRESSIVE;
				CLANG_WARN_UNREACHABLE_CODE = YES;
				CLANG_WARN__DUPLICATE_METHOD_MATCH = YES;
				COPY_PHASE_STRIP = NO;
				DEBUG_INFORMATION_FORMAT = dwarf;
				ENABLE_STRICT_OBJC_MSGSEND = YES;
				ENABLE_TESTABILITY = YES;
				GCC_C_LANGUAGE_STANDARD = gnu11;
				GCC_DYNAMIC_NO_PIC = NO;
				GCC_NO_COMMON_BLOCKS = YES;
				GCC_OPTIMIZATION_LEVEL = 0;
				GCC_PREPROCESSOR_DEFINITIONS = (
					"DEBUG=1",
					"$(inherited)",
				);
				GCC_WARN_64_TO_32_BIT_CONVERSION = YES;
				GCC_WARN_ABOUT_RETURN_TYPE = YES_ERROR;
				GCC_WARN_UNDECLARED_SELECTOR = YES;
				GCC_WARN_UNINITIALIZED_AUTOS = YES_AGGRESSIVE;
				GCC_WARN_UNUSED_FUNCTION = YES;
				GCC_WARN_UNUSED_VARIABLE = YES;
				IPHONEOS_DEPLOYMENT_TARGET = 16.0;
				MTL_ENABLE_DEBUG_INFO = INCLUDE_SOURCE;
				MTL_FAST_MATH = YES;
				ONLY_ACTIVE_ARCH = YES;
				SDKROOT = iphoneos;
				SWIFT_ACTIVE_COMPILATION_CONDITIONS = DEBUG;
				SWIFT_OPTIMIZATION_LEVEL = "-Onone";
			};
			name = Debug;
		};
		883D359728E3D295006E1F12 /* Release */ = {
			isa = XCBuildConfiguration;
			buildSettings = {
				ALWAYS_SEARCH_USER_PATHS = NO;
				CLANG_ANALYZER_NONNULL = YES;
				CLANG_ANALYZER_NUMBER_OBJECT_CONVERSION = YES_AGGRESSIVE;
				CLANG_CXX_LANGUAGE_STANDARD = "gnu++20";
				CLANG_ENABLE_MODULES = YES;
				CLANG_ENABLE_OBJC_ARC = YES;
				CLANG_ENABLE_OBJC_WEAK = YES;
				CLANG_WARN_BLOCK_CAPTURE_AUTORELEASING = YES;
				CLANG_WARN_BOOL_CONVERSION = YES;
				CLANG_WARN_COMMA = YES;
				CLANG_WARN_CONSTANT_CONVERSION = YES;
				CLANG_WARN_DEPRECATED_OBJC_IMPLEMENTATIONS = YES;
				CLANG_WARN_DIRECT_OBJC_ISA_USAGE = YES_ERROR;
				CLANG_WARN_DOCUMENTATION_COMMENTS = YES;
				CLANG_WARN_EMPTY_BODY = YES;
				CLANG_WARN_ENUM_CONVERSION = YES;
				CLANG_WARN_INFINITE_RECURSION = YES;
				CLANG_WARN_INT_CONVERSION = YES;
				CLANG_WARN_NON_LITERAL_NULL_CONVERSION = YES;
				CLANG_WARN_OBJC_IMPLICIT_RETAIN_SELF = YES;
				CLANG_WARN_OBJC_LITERAL_CONVERSION = YES;
				CLANG_WARN_OBJC_ROOT_CLASS = YES_ERROR;
				CLANG_WARN_QUOTED_INCLUDE_IN_FRAMEWORK_HEADER = YES;
				CLANG_WARN_RANGE_LOOP_ANALYSIS = YES;
				CLANG_WARN_STRICT_PROTOTYPES = YES;
				CLANG_WARN_SUSPICIOUS_MOVE = YES;
				CLANG_WARN_UNGUARDED_AVAILABILITY = YES_AGGRESSIVE;
				CLANG_WARN_UNREACHABLE_CODE = YES;
				CLANG_WARN__DUPLICATE_METHOD_MATCH = YES;
				COPY_PHASE_STRIP = NO;
				DEBUG_INFORMATION_FORMAT = "dwarf-with-dsym";
				ENABLE_NS_ASSERTIONS = NO;
				ENABLE_STRICT_OBJC_MSGSEND = YES;
				GCC_C_LANGUAGE_STANDARD = gnu11;
				GCC_NO_COMMON_BLOCKS = YES;
				GCC_WARN_64_TO_32_BIT_CONVERSION = YES;
				GCC_WARN_ABOUT_RETURN_TYPE = YES_ERROR;
				GCC_WARN_UNDECLARED_SELECTOR = YES;
				GCC_WARN_UNINITIALIZED_AUTOS = YES_AGGRESSIVE;
				GCC_WARN_UNUSED_FUNCTION = YES;
				GCC_WARN_UNUSED_VARIABLE = YES;
				IPHONEOS_DEPLOYMENT_TARGET = 16.0;
				MTL_ENABLE_DEBUG_INFO = NO;
				MTL_FAST_MATH = YES;
				SDKROOT = iphoneos;
				SWIFT_COMPILATION_MODE = wholemodule;
				SWIFT_OPTIMIZATION_LEVEL = "-O";
				VALIDATE_PRODUCT = YES;
			};
			name = Release;
		};
		883D359928E3D295006E1F12 /* Debug */ = {
			isa = XCBuildConfiguration;
			buildSettings = {
				ASSETCATALOG_COMPILER_APPICON_NAME = AppIcon;
				ASSETCATALOG_COMPILER_GLOBAL_ACCENT_COLOR_NAME = AccentColor;
				CODE_SIGN_STYLE = Automatic;
				CURRENT_PROJECT_VERSION = 1;
				DEVELOPMENT_ASSET_PATHS = "\"Moonshot/Preview Content\"";
				DEVELOPMENT_TEAM = 938L7H5GMC;
				ENABLE_PREVIEWS = YES;
				GENERATE_INFOPLIST_FILE = YES;
				INFOPLIST_KEY_UIApplicationSceneManifest_Generation = YES;
				INFOPLIST_KEY_UIApplicationSupportsIndirectInputEvents = YES;
				INFOPLIST_KEY_UILaunchScreen_Generation = YES;
				INFOPLIST_KEY_UISupportedInterfaceOrientations_iPad = "UIInterfaceOrientationPortrait UIInterfaceOrientationPortraitUpsideDown UIInterfaceOrientationLandscapeLeft UIInterfaceOrientationLandscapeRight";
				INFOPLIST_KEY_UISupportedInterfaceOrientations_iPhone = "UIInterfaceOrientationPortrait UIInterfaceOrientationLandscapeLeft UIInterfaceOrientationLandscapeRight";
				LD_RUNPATH_SEARCH_PATHS = (
					"$(inherited)",
					"@executable_path/Frameworks",
				);
				MARKETING_VERSION = 1.0;
				PRODUCT_BUNDLE_IDENTIFIER = tkoff0110.Moonshot;
				PRODUCT_NAME = "$(TARGET_NAME)";
				SWIFT_EMIT_LOC_STRINGS = YES;
				SWIFT_VERSION = 5.0;
				TARGETED_DEVICE_FAMILY = "1,2";
			};
			name = Debug;
		};
		883D359A28E3D295006E1F12 /* Release */ = {
			isa = XCBuildConfiguration;
			buildSettings = {
				ASSETCATALOG_COMPILER_APPICON_NAME = AppIcon;
				ASSETCATALOG_COMPILER_GLOBAL_ACCENT_COLOR_NAME = AccentColor;
				CODE_SIGN_STYLE = Automatic;
				CURRENT_PROJECT_VERSION = 1;
				DEVELOPMENT_ASSET_PATHS = "\"Moonshot/Preview Content\"";
				DEVELOPMENT_TEAM = 938L7H5GMC;
				ENABLE_PREVIEWS = YES;
				GENERATE_INFOPLIST_FILE = YES;
				INFOPLIST_KEY_UIApplicationSceneManifest_Generation = YES;
				INFOPLIST_KEY_UIApplicationSupportsIndirectInputEvents = YES;
				INFOPLIST_KEY_UILaunchScreen_Generation = YES;
				INFOPLIST_KEY_UISupportedInterfaceOrientations_iPad = "UIInterfaceOrientationPortrait UIInterfaceOrientationPortraitUpsideDown UIInterfaceOrientationLandscapeLeft UIInterfaceOrientationLandscapeRight";
				INFOPLIST_KEY_UISupportedInterfaceOrientations_iPhone = "UIInterfaceOrientationPortrait UIInterfaceOrientationLandscapeLeft UIInterfaceOrientationLandscapeRight";
				LD_RUNPATH_SEARCH_PATHS = (
					"$(inherited)",
					"@executable_path/Frameworks",
				);
				MARKETING_VERSION = 1.0;
				PRODUCT_BUNDLE_IDENTIFIER = tkoff0110.Moonshot;
				PRODUCT_NAME = "$(TARGET_NAME)";
				SWIFT_EMIT_LOC_STRINGS = YES;
				SWIFT_VERSION = 5.0;
				TARGETED_DEVICE_FAMILY = "1,2";
			};
			name = Release;
		};
/* End XCBuildConfiguration section */

/* Begin XCConfigurationList section */
		883D358528E3D294006E1F12 /* Build configuration list for PBXProject "Moonshot" */ = {
			isa = XCConfigurationList;
			buildConfigurations = (
				883D359628E3D295006E1F12 /* Debug */,
				883D359728E3D295006E1F12 /* Release */,
			);
			defaultConfigurationIsVisible = 0;
			defaultConfigurationName = Release;
		};
		883D359828E3D295006E1F12 /* Build configuration list for PBXNativeTarget "Moonshot" */ = {
			isa = XCConfigurationList;
			buildConfigurations = (
				883D359928E3D295006E1F12 /* Debug */,
				883D359A28E3D295006E1F12 /* Release */,
			);
			defaultConfigurationIsVisible = 0;
			defaultConfigurationName = Release;
		};
/* End XCConfigurationList section */
	};
	rootObject = 883D358228E3D294006E1F12 /* Project object */;
}
